{
  "object": {
    "pins": [
      {
        "package": "AtomicDI",
        "repositoryURL": "https://github.com/AtomicDI/AtomicDI.git",
        "state": {
          "branch": null,
          "revision": "597048d4502a3e89144cdce57539fc3e4afc4779",
          "version": "0.1.0"
        }
      },
      {
        "package": "RxSwift",
        "repositoryURL": "https://github.com/ReactiveX/RxSwift.git",
        "state": {
          "branch": null,
          "revision": "002d325b0bdee94e7882e1114af5ff4fe1e96afa",
          "version": "5.1.1"
        }
      },
      {
        "package": "SnapKit",
        "repositoryURL": "https://github.com/SnapKit/SnapKit.git",
        "state": {
          "branch": null,
          "revision": "d458564516e5676af9c70b4f4b2a9178294f1bc6",
          "version": "5.0.1"
        }
      }
    ]
  },
  "version": 1
}
